// !$*UTF8*$!
{
	archiveVersion = 1;
	classes = {
	};
	objectVersion = 50;
	objects = {

/* Begin PBXBuildFile section */
		AD977539546CFEB7EBF2B039 /* Pods_Todoey.framework in Frameworks */ = {isa = PBXBuildFile; fileRef = C7AA9A35B264FEFF5AB04543 /* Pods_Todoey.framework */; };
		FF26FFA82190DEAC00CEB9F5 /* AppDelegate.swift in Sources */ = {isa = PBXBuildFile; fileRef = FF26FFA72190DEAC00CEB9F5 /* AppDelegate.swift */; };
		FF26FFAA2190DEAC00CEB9F5 /* TodoListViewController.swift in Sources */ = {isa = PBXBuildFile; fileRef = FF26FFA92190DEAC00CEB9F5 /* TodoListViewController.swift */; };
		FF26FFAD2190DEAC00CEB9F5 /* Main.storyboard in Resources */ = {isa = PBXBuildFile; fileRef = FF26FFAB2190DEAC00CEB9F5 /* Main.storyboard */; };
		FF26FFAF2190DEB000CEB9F5 /* Assets.xcassets in Resources */ = {isa = PBXBuildFile; fileRef = FF26FFAE2190DEB000CEB9F5 /* Assets.xcassets */; };
		FF26FFB22190DEB000CEB9F5 /* LaunchScreen.storyboard in Resources */ = {isa = PBXBuildFile; fileRef = FF26FFB02190DEB000CEB9F5 /* LaunchScreen.storyboard */; };
		FFB3721721C6BF8B00D089A7 /* CategoryViewController.swift in Sources */ = {isa = PBXBuildFile; fileRef = FFB3721621C6BF8B00D089A7 /* CategoryViewController.swift */; };
		FFB3721B21C7210E00D089A7 /* Item.swift in Sources */ = {isa = PBXBuildFile; fileRef = FFB3721A21C7210E00D089A7 /* Item.swift */; };
		FFB3721D21C7212400D089A7 /* Category.swift in Sources */ = {isa = PBXBuildFile; fileRef = FFB3721C21C7212400D089A7 /* Category.swift */; };
/* End PBXBuildFile section */

/* Begin PBXFileReference section */
		66E4E19E3FD823FABDA66CAA /* Pods-Todoey.release.xcconfig */ = {isa = PBXFileReference; includeInIndex = 1; lastKnownFileType = text.xcconfig; name = "Pods-Todoey.release.xcconfig"; path = "Pods/Target Support Files/Pods-Todoey/Pods-Todoey.release.xcconfig"; sourceTree = "<group>"; };
		A252CB2CA2518200CCA2778D /* Pods-Todoey.debug.xcconfig */ = {isa = PBXFileReference; includeInIndex = 1; lastKnownFileType = text.xcconfig; name = "Pods-Todoey.debug.xcconfig"; path = "Pods/Target Support Files/Pods-Todoey/Pods-Todoey.debug.xcconfig"; sourceTree = "<group>"; };
		C7AA9A35B264FEFF5AB04543 /* Pods_Todoey.framework */ = {isa = PBXFileReference; explicitFileType = wrapper.framework; includeInIndex = 0; path = Pods_Todoey.framework; sourceTree = BUILT_PRODUCTS_DIR; };
		FF26FFA42190DEAC00CEB9F5 /* Todoey.app */ = {isa = PBXFileReference; explicitFileType = wrapper.application; includeInIndex = 0; path = Todoey.app; sourceTree = BUILT_PRODUCTS_DIR; };
		FF26FFA72190DEAC00CEB9F5 /* AppDelegate.swift */ = {isa = PBXFileReference; lastKnownFileType = sourcecode.swift; path = AppDelegate.swift; sourceTree = "<group>"; };
		FF26FFA92190DEAC00CEB9F5 /* TodoListViewController.swift */ = {isa = PBXFileReference; lastKnownFileType = sourcecode.swift; path = TodoListViewController.swift; sourceTree = "<group>"; };
		FF26FFAC2190DEAC00CEB9F5 /* Base */ = {isa = PBXFileReference; lastKnownFileType = file.storyboard; name = Base; path = Base.lproj/Main.storyboard; sourceTree = "<group>"; };
		FF26FFAE2190DEB000CEB9F5 /* Assets.xcassets */ = {isa = PBXFileReference; lastKnownFileType = folder.assetcatalog; path = Assets.xcassets; sourceTree = "<group>"; };
		FF26FFB12190DEB000CEB9F5 /* Base */ = {isa = PBXFileReference; lastKnownFileType = file.storyboard; name = Base; path = Base.lproj/LaunchScreen.storyboard; sourceTree = "<group>"; };
		FF26FFB32190DEB000CEB9F5 /* Info.plist */ = {isa = PBXFileReference; lastKnownFileType = text.plist.xml; path = Info.plist; sourceTree = "<group>"; };
		FFB3721621C6BF8B00D089A7 /* CategoryViewController.swift */ = {isa = PBXFileReference; lastKnownFileType = sourcecode.swift; path = CategoryViewController.swift; sourceTree = "<group>"; };
		FFB3721A21C7210E00D089A7 /* Item.swift */ = {isa = PBXFileReference; lastKnownFileType = sourcecode.swift; path = Item.swift; sourceTree = "<group>"; };
		FFB3721C21C7212400D089A7 /* Category.swift */ = {isa = PBXFileReference; lastKnownFileType = sourcecode.swift; path = Category.swift; sourceTree = "<group>"; };
/* End PBXFileReference section */

/* Begin PBXFrameworksBuildPhase section */
		FF26FFA12190DEAC00CEB9F5 /* Frameworks */ = {
			isa = PBXFrameworksBuildPhase;
			buildActionMask = 2147483647;
			files = (
				AD977539546CFEB7EBF2B039 /* Pods_Todoey.framework in Frameworks */,
			);
			runOnlyForDeploymentPostprocessing = 0;
		};
/* End PBXFrameworksBuildPhase section */

/* Begin PBXGroup section */
		2921DB2A757914F40BC59B33 /* Pods */ = {
			isa = PBXGroup;
			children = (
				A252CB2CA2518200CCA2778D /* Pods-Todoey.debug.xcconfig */,
				66E4E19E3FD823FABDA66CAA /* Pods-Todoey.release.xcconfig */,
			);
			name = Pods;
			sourceTree = "<group>";
		};
		F7F3E5568500F033A8165D6E /* Frameworks */ = {
			isa = PBXGroup;
			children = (
				C7AA9A35B264FEFF5AB04543 /* Pods_Todoey.framework */,
			);
			name = Frameworks;
			sourceTree = "<group>";
		};
		FF26FF9B2190DEAB00CEB9F5 = {
			isa = PBXGroup;
			children = (
				FF26FFA62190DEAC00CEB9F5 /* Todoey */,
				FF26FFA52190DEAC00CEB9F5 /* Products */,
				2921DB2A757914F40BC59B33 /* Pods */,
				F7F3E5568500F033A8165D6E /* Frameworks */,
			);
			sourceTree = "<group>";
		};
		FF26FFA52190DEAC00CEB9F5 /* Products */ = {
			isa = PBXGroup;
			children = (
				FF26FFA42190DEAC00CEB9F5 /* Todoey.app */,
			);
			name = Products;
			sourceTree = "<group>";
		};
		FF26FFA62190DEAC00CEB9F5 /* Todoey */ = {
			isa = PBXGroup;
			children = (
				FF9734EA21B47F07009CCAE5 /* Views */,
				FF9734E921B47EF5009CCAE5 /* Data Model */,
				FF9734E821B47EE2009CCAE5 /* Controllers */,
				FF26FFA72190DEAC00CEB9F5 /* AppDelegate.swift */,
				FF9734EB21B47F68009CCAE5 /* Supporting Files */,
				FF26FFB32190DEB000CEB9F5 /* Info.plist */,
			);
			path = Todoey;
			sourceTree = "<group>";
		};
		FF9734E821B47EE2009CCAE5 /* Controllers */ = {
			isa = PBXGroup;
			children = (
				FFB3721621C6BF8B00D089A7 /* CategoryViewController.swift */,
				FF26FFA92190DEAC00CEB9F5 /* TodoListViewController.swift */,
			);
			path = Controllers;
			sourceTree = "<group>";
		};
		FF9734E921B47EF5009CCAE5 /* Data Model */ = {
			isa = PBXGroup;
			children = (
				FFB3721A21C7210E00D089A7 /* Item.swift */,
				FFB3721C21C7212400D089A7 /* Category.swift */,
			);
			path = "Data Model";
			sourceTree = "<group>";
		};
		FF9734EA21B47F07009CCAE5 /* Views */ = {
			isa = PBXGroup;
			children = (
				FF26FFAB2190DEAC00CEB9F5 /* Main.storyboard */,
			);
			path = Views;
			sourceTree = "<group>";
		};
		FF9734EB21B47F68009CCAE5 /* Supporting Files */ = {
			isa = PBXGroup;
			children = (
				FF26FFB02190DEB000CEB9F5 /* LaunchScreen.storyboard */,
				FF26FFAE2190DEB000CEB9F5 /* Assets.xcassets */,
			);
			path = "Supporting Files";
			sourceTree = "<group>";
		};
/* End PBXGroup section */

/* Begin PBXNativeTarget section */
		FF26FFA32190DEAC00CEB9F5 /* Todoey */ = {
			isa = PBXNativeTarget;
			buildConfigurationList = FF26FFB62190DEB000CEB9F5 /* Build configuration list for PBXNativeTarget "Todoey" */;
			buildPhases = (
				C9F1A4419580D6506A0F477C /* [CP] Check Pods Manifest.lock */,
				FF26FFA02190DEAC00CEB9F5 /* Sources */,
				FF26FFA12190DEAC00CEB9F5 /* Frameworks */,
				FF26FFA22190DEAC00CEB9F5 /* Resources */,
				FA7B43DBA71C18D039BF147B /* [CP] Embed Pods Frameworks */,
			);
			buildRules = (
			);
			dependencies = (
			);
			name = Todoey;
			productName = Todoey;
			productReference = FF26FFA42190DEAC00CEB9F5 /* Todoey.app */;
			productType = "com.apple.product-type.application";
		};
/* End PBXNativeTarget section */

/* Begin PBXProject section */
		FF26FF9C2190DEAB00CEB9F5 /* Project object */ = {
			isa = PBXProject;
			attributes = {
				LastSwiftUpdateCheck = 1010;
				LastUpgradeCheck = 1010;
				ORGANIZATIONNAME = PapayaLabz;
				TargetAttributes = {
					FF26FFA32190DEAC00CEB9F5 = {
						CreatedOnToolsVersion = 10.1;
					};
				};
			};
			buildConfigurationList = FF26FF9F2190DEAB00CEB9F5 /* Build configuration list for PBXProject "Todoey" */;
			compatibilityVersion = "Xcode 9.3";
			developmentRegion = en;
			hasScannedForEncodings = 0;
			knownRegions = (
				en,
				Base,
			);
			mainGroup = FF26FF9B2190DEAB00CEB9F5;
			productRefGroup = FF26FFA52190DEAC00CEB9F5 /* Products */;
			projectDirPath = "";
			projectRoot = "";
			targets = (
				FF26FFA32190DEAC00CEB9F5 /* Todoey */,
			);
		};
/* End PBXProject section */

/* Begin PBXResourcesBuildPhase section */
		FF26FFA22190DEAC00CEB9F5 /* Resources */ = {
			isa = PBXResourcesBuildPhase;
			buildActionMask = 2147483647;
			files = (
				FF26FFB22190DEB000CEB9F5 /* LaunchScreen.storyboard in Resources */,
				FF26FFAF2190DEB000CEB9F5 /* Assets.xcassets in Resources */,
				FF26FFAD2190DEAC00CEB9F5 /* Main.storyboard in Resources */,
			);
			runOnlyForDeploymentPostprocessing = 0;
		};
/* End PBXResourcesBuildPhase section */

/* Begin PBXShellScriptBuildPhase section */
		C9F1A4419580D6506A0F477C /* [CP] Check Pods Manifest.lock */ = {
			isa = PBXShellScriptBuildPhase;
			buildActionMask = 2147483647;
			files = (
			);
			inputFileListPaths = (
			);
			inputPaths = (
				"${PODS_PODFILE_DIR_PATH}/Podfile.lock",
				"${PODS_ROOT}/Manifest.lock",
			);
			name = "[CP] Check Pods Manifest.lock";
			outputFileListPaths = (
			);
			outputPaths = (
				"$(DERIVED_FILE_DIR)/Pods-Todoey-checkManifestLockResult.txt",
			);
			runOnlyForDeploymentPostprocessing = 0;
			shellPath = /bin/sh;
			shellScript = "diff \"${PODS_PODFILE_DIR_PATH}/Podfile.lock\" \"${PODS_ROOT}/Manifest.lock\" > /dev/null\nif [ $? != 0 ] ; then\n    # print error to STDERR\n    echo \"error: The sandbox is not in sync with the Podfile.lock. Run 'pod install' or update your CocoaPods installation.\" >&2\n    exit 1\nfi\n# This output is used by Xcode 'outputs' to avoid re-running this script phase.\necho \"SUCCESS\" > \"${SCRIPT_OUTPUT_FILE_0}\"\n";
			showEnvVarsInLog = 0;
		};
		FA7B43DBA71C18D039BF147B /* [CP] Embed Pods Frameworks */ = {
			isa = PBXShellScriptBuildPhase;
			buildActionMask = 2147483647;
			files = (
			);
			inputFileListPaths = (
			);
			inputPaths = (
				"${SRCROOT}/Pods/Target Support Files/Pods-Todoey/Pods-Todoey-frameworks.sh",
				"${BUILT_PRODUCTS_DIR}/Realm/Realm.framework",
				"${BUILT_PRODUCTS_DIR}/RealmSwift/RealmSwift.framework",
			);
			name = "[CP] Embed Pods Frameworks";
			outputFileListPaths = (
			);
			outputPaths = (
				"${TARGET_BUILD_DIR}/${FRAMEWORKS_FOLDER_PATH}/Realm.framework",
				"${TARGET_BUILD_DIR}/${FRAMEWORKS_FOLDER_PATH}/RealmSwift.framework",
			);
			runOnlyForDeploymentPostprocessing = 0;
			shellPath = /bin/sh;
			shellScript = "\"${SRCROOT}/Pods/Target Support Files/Pods-Todoey/Pods-Todoey-frameworks.sh\"\n";
			showEnvVarsInLog = 0;
		};
/* End PBXShellScriptBuildPhase section */

/* Begin PBXSourcesBuildPhase section */
		FF26FFA02190DEAC00CEB9F5 /* Sources */ = {
			isa = PBXSourcesBuildPhase;
			buildActionMask = 2147483647;
			files = (
				FFB3721B21C7210E00D089A7 /* Item.swift in Sources */,
				FFB3721721C6BF8B00D089A7 /* CategoryViewController.swift in Sources */,
				FF26FFAA2190DEAC00CEB9F5 /* TodoListViewController.swift in Sources */,
				FF26FFA82190DEAC00CEB9F5 /* AppDelegate.swift in Sources */,
				FFB3721D21C7212400D089A7 /* Category.swift in Sources */,
			);
			runOnlyForDeploymentPostprocessing = 0;
		};
/* End PBXSourcesBuildPhase section */

/* Begin PBXVariantGroup section */
		FF26FFAB2190DEAC00CEB9F5 /* Main.storyboard */ = {
			isa = PBXVariantGroup;
			children = (
				FF26FFAC2190DEAC00CEB9F5 /* Base */,
			);
			name = Main.storyboard;
			sourceTree = "<group>";
		};
		FF26FFB02190DEB000CEB9F5 /* LaunchScreen.storyboard */ = {
			isa = PBXVariantGroup;
			children = (
				FF26FFB12190DEB000CEB9F5 /* Base */,
			);
			name = LaunchScreen.storyboard;
			sourceTree = "<group>";
		};
/* End PBXVariantGroup section */

/* Begin XCBuildConfiguration section */
		FF26FFB42190DEB000CEB9F5 /* Debug */ = {
			isa = XCBuildConfiguration;
			buildSettings = {
				ALWAYS_SEARCH_USER_PATHS = NO;
				CLANG_ANALYZER_NONNULL = YES;
				CLANG_ANALYZER_NUMBER_OBJECT_CONVERSION = YES_AGGRESSIVE;
				CLANG_CXX_LANGUAGE_STANDARD = "gnu++14";
				CLANG_CXX_LIBRARY = "libc++";
				CLANG_ENABLE_MODULES = YES;
				CLANG_ENABLE_OBJC_ARC = YES;
				CLANG_ENABLE_OBJC_WEAK = YES;
				CLANG_WARN_BLOCK_CAPTURE_AUTORELEASING = YES;
				CLANG_WARN_BOOL_CONVERSION = YES;
				CLANG_WARN_COMMA = YES;
				CLANG_WARN_CONSTANT_CONVERSION = YES;
				CLANG_WARN_DEPRECATED_OBJC_IMPLEMENTATIONS = YES;
				CLANG_WARN_DIRECT_OBJC_ISA_USAGE = YES_ERROR;
				CLANG_WARN_DOCUMENTATION_COMMENTS = YES;
				CLANG_WARN_EMPTY_BODY = YES;
				CLANG_WARN_ENUM_CONVERSION = YES;
				CLANG_WARN_INFINITE_RECURSION = YES;
				CLANG_WARN_INT_CONVERSION = YES;
				CLANG_WARN_NON_LITERAL_NULL_CONVERSION = YES;
				CLANG_WARN_OBJC_IMPLICIT_RETAIN_SELF = YES;
				CLANG_WARN_OBJC_LITERAL_CONVERSION = YES;
				CLANG_WARN_OBJC_ROOT_CLASS = YES_ERROR;
				CLANG_WARN_RANGE_LOOP_ANALYSIS = YES;
				CLANG_WARN_STRICT_PROTOTYPES = YES;
				CLANG_WARN_SUSPICIOUS_MOVE = YES;
				CLANG_WARN_UNGUARDED_AVAILABILITY = YES_AGGRESSIVE;
				CLANG_WARN_UNREACHABLE_CODE = YES;
				CLANG_WARN__DUPLICATE_METHOD_MATCH = YES;
				CODE_SIGN_IDENTITY = "iPhone Developer";
				COPY_PHASE_STRIP = NO;
				DEBUG_INFORMATION_FORMAT = dwarf;
				ENABLE_STRICT_OBJC_MSGSEND = YES;
				ENABLE_TESTABILITY = YES;
				GCC_C_LANGUAGE_STANDARD = gnu11;
				GCC_DYNAMIC_NO_PIC = NO;
				GCC_NO_COMMON_BLOCKS = YES;
				GCC_OPTIMIZATION_LEVEL = 0;
				GCC_PREPROCESSOR_DEFINITIONS = (
					"DEBUG=1",
					"$(inherited)",
				);
				GCC_WARN_64_TO_32_BIT_CONVERSION = YES;
				GCC_WARN_ABOUT_RETURN_TYPE = YES_ERROR;
				GCC_WARN_UNDECLARED_SELECTOR = YES;
				GCC_WARN_UNINITIALIZED_AUTOS = YES_AGGRESSIVE;
				GCC_WARN_UNUSED_FUNCTION = YES;
				GCC_WARN_UNUSED_VARIABLE = YES;
				IPHONEOS_DEPLOYMENT_TARGET = 12.1;
				MTL_ENABLE_DEBUG_INFO = INCLUDE_SOURCE;
				MTL_FAST_MATH = YES;
				ONLY_ACTIVE_ARCH = YES;
				SDKROOT = iphoneos;
				SWIFT_ACTIVE_COMPILATION_CONDITIONS = DEBUG;
				SWIFT_OPTIMIZATION_LEVEL = "-Onone";
			};
			name = Debug;
		};
		FF26FFB52190DEB000CEB9F5 /* Release */ = {
			isa = XCBuildConfiguration;
			buildSettings = {
				ALWAYS_SEARCH_USER_PATHS = NO;
				CLANG_ANALYZER_NONNULL = YES;
				CLANG_ANALYZER_NUMBER_OBJECT_CONVERSION = YES_AGGRESSIVE;
				CLANG_CXX_LANGUAGE_STANDARD = "gnu++14";
				CLANG_CXX_LIBRARY = "libc++";
				CLANG_ENABLE_MODULES = YES;
				CLANG_ENABLE_OBJC_ARC = YES;
				CLANG_ENABLE_OBJC_WEAK = YES;
				CLANG_WARN_BLOCK_CAPTURE_AUTORELEASING = YES;
				CLANG_WARN_BOOL_CONVERSION = YES;
				CLANG_WARN_COMMA = YES;
				CLANG_WARN_CONSTANT_CONVERSION = YES;
				CLANG_WARN_DEPRECATED_OBJC_IMPLEMENTATIONS = YES;
				CLANG_WARN_DIRECT_OBJC_ISA_USAGE = YES_ERROR;
				CLANG_WARN_DOCUMENTATION_COMMENTS = YES;
				CLANG_WARN_EMPTY_BODY = YES;
				CLANG_WARN_ENUM_CONVERSION = YES;
				CLANG_WARN_INFINITE_RECURSION = YES;
				CLANG_WARN_INT_CONVERSION = YES;
				CLANG_WARN_NON_LITERAL_NULL_CONVERSION = YES;
				CLANG_WARN_OBJC_IMPLICIT_RETAIN_SELF = YES;
				CLANG_WARN_OBJC_LITERAL_CONVERSION = YES;
				CLANG_WARN_OBJC_ROOT_CLASS = YES_ERROR;
				CLANG_WARN_RANGE_LOOP_ANALYSIS = YES;
				CLANG_WARN_STRICT_PROTOTYPES = YES;
				CLANG_WARN_SUSPICIOUS_MOVE = YES;
				CLANG_WARN_UNGUARDED_AVAILABILITY = YES_AGGRESSIVE;
				CLANG_WARN_UNREACHABLE_CODE = YES;
				CLANG_WARN__DUPLICATE_METHOD_MATCH = YES;
				CODE_SIGN_IDENTITY = "iPhone Developer";
				COPY_PHASE_STRIP = NO;
				DEBUG_INFORMATION_FORMAT = "dwarf-with-dsym";
				ENABLE_NS_ASSERTIONS = NO;
				ENABLE_STRICT_OBJC_MSGSEND = YES;
				GCC_C_LANGUAGE_STANDARD = gnu11;
				GCC_NO_COMMON_BLOCKS = YES;
				GCC_WARN_64_TO_32_BIT_CONVERSION = YES;
				GCC_WARN_ABOUT_RETURN_TYPE = YES_ERROR;
				GCC_WARN_UNDECLARED_SELECTOR = YES;
				GCC_WARN_UNINITIALIZED_AUTOS = YES_AGGRESSIVE;
				GCC_WARN_UNUSED_FUNCTION = YES;
				GCC_WARN_UNUSED_VARIABLE = YES;
				IPHONEOS_DEPLOYMENT_TARGET = 12.1;
				MTL_ENABLE_DEBUG_INFO = NO;
				MTL_FAST_MATH = YES;
				SDKROOT = iphoneos;
				SWIFT_COMPILATION_MODE = wholemodule;
				SWIFT_OPTIMIZATION_LEVEL = "-O";
				VALIDATE_PRODUCT = YES;
			};
			name = Release;
		};
		FF26FFB72190DEB000CEB9F5 /* Debug */ = {
			isa = XCBuildConfiguration;
			baseConfigurationReference = A252CB2CA2518200CCA2778D /* Pods-Todoey.debug.xcconfig */;
			buildSettings = {
				ASSETCATALOG_COMPILER_APPICON_NAME = AppIcon;
				CODE_SIGN_STYLE = Automatic;
				INFOPLIST_FILE = Todoey/Info.plist;
				LD_RUNPATH_SEARCH_PATHS = (
					"$(inherited)",
					"@executable_path/Frameworks",
				);
				PRODUCT_BUNDLE_IDENTIFIER = com.papayalabz.Todoey;
				PRODUCT_NAME = "$(TARGET_NAME)";
				SWIFT_VERSION = 4.2;
				TARGETED_DEVICE_FAMILY = "1,2";
			};
			name = Debug;
		};
		FF26FFB82190DEB000CEB9F5 /* Release */ = {
			isa = XCBuildConfiguration;
			baseConfigurationReference = 66E4E19E3FD823FABDA66CAA /* Pods-Todoey.release.xcconfig */;
			buildSettings = {
				ASSETCATALOG_COMPILER_APPICON_NAME = AppIcon;
				CODE_SIGN_STYLE = Automatic;
				INFOPLIST_FILE = Todoey/Info.plist;
				LD_RUNPATH_SEARCH_PATHS = (
					"$(inherited)",
					"@executable_path/Frameworks",
				);
				PRODUCT_BUNDLE_IDENTIFIER = com.papayalabz.Todoey;
				PRODUCT_NAME = "$(TARGET_NAME)";
				SWIFT_VERSION = 4.2;
				TARGETED_DEVICE_FAMILY = "1,2";
			};
			name = Release;
		};
/* End XCBuildConfiguration section */

/* Begin XCConfigurationList section */
		FF26FF9F2190DEAB00CEB9F5 /* Build configuration list for PBXProject "Todoey" */ = {
			isa = XCConfigurationList;
			buildConfigurations = (
				FF26FFB42190DEB000CEB9F5 /* Debug */,
				FF26FFB52190DEB000CEB9F5 /* Release */,
			);
			defaultConfigurationIsVisible = 0;
			defaultConfigurationName = Release;
		};
		FF26FFB62190DEB000CEB9F5 /* Build configuration list for PBXNativeTarget "Todoey" */ = {
			isa = XCConfigurationList;
			buildConfigurations = (
				FF26FFB72190DEB000CEB9F5 /* Debug */,
				FF26FFB82190DEB000CEB9F5 /* Release */,
			);
			defaultConfigurationIsVisible = 0;
			defaultConfigurationName = Release;
		};
/* End XCConfigurationList section */
	};
	rootObject = FF26FF9C2190DEAB00CEB9F5 /* Project object */;
}
